
Microsoft Visual Studio Solution File, Format Version 12.00
# Visual Studio 15
VisualStudioVersion = 15.0.27130.2036
MinimumVisualStudioVersion = 10.0.40219.1
Project("{8BC9CEB8-8B4A-11D0-8D11-00A0C91BC942}") = "Containers", "Containers\Containers.vcxproj", "{2B9B7E89-7223-48CE-AF39-E05AFEDD8ACA}"
EndProject
Project("{8BC9CEB8-8B4A-11D0-8D11-00A0C91BC942}") = "UnitTestHashTables", "UnitTestHashTables\UnitTestHashTables.vcxproj", "{19F698F4-39D6-4E25-B655-83CC5871EEC6}"
EndProject
Global
	GlobalSection(Performance) = preSolution
		HasPerformanceSessions = true
	EndGlobalSection
	GlobalSection(SolutionConfigurationPlatforms) = preSolution
		Debug|x64 = Debug|x64
		Debug|x86 = Debug|x86
		OptomizedDebug|x64 = OptomizedDebug|x64
		OptomizedDebug|x86 = OptomizedDebug|x86
		Release|x64 = Release|x64
		Release|x86 = Release|x86
	EndGlobalSection
	GlobalSection(ProjectConfigurationPlatforms) = postSolution
		{2B9B7E89-7223-48CE-AF39-E05AFEDD8ACA}.Debug|x64.ActiveCfg = Debug|x64
		{2B9B7E89-7223-48CE-AF39-E05AFEDD8ACA}.Debug|x64.Build.0 = Debug|x64
		{2B9B7E89-7223-48CE-AF39-E05AFEDD8ACA}.Debug|x86.ActiveCfg = Debug|Win32
		{2B9B7E89-7223-48CE-AF39-E05AFEDD8ACA}.Debug|x86.Build.0 = Debug|Win32
		{2B9B7E89-7223-48CE-AF39-E05AFEDD8ACA}.OptomizedDebug|x64.ActiveCfg = OptomizedDebug|x64
		{2B9B7E89-7223-48CE-AF39-E05AFEDD8ACA}.OptomizedDebug|x64.Build.0 = OptomizedDebug|x64
		{2B9B7E89-7223-48CE-AF39-E05AFEDD8ACA}.OptomizedDebug|x86.ActiveCfg = OptomizedDebug|Win32
		{2B9B7E89-7223-48CE-AF39-E05AFEDD8ACA}.OptomizedDebug|x86.Build.0 = OptomizedDebug|Win32
		{2B9B7E89-7223-48CE-AF39-E05AFEDD8ACA}.Release|x64.ActiveCfg = Release|x64
		{2B9B7E89-7223-48CE-AF39-E05AFEDD8ACA}.Release|x64.Build.0 = Release|x64
		{2B9B7E89-7223-48CE-AF39-E05AFEDD8ACA}.Release|x86.ActiveCfg = Release|Win32
		{2B9B7E89-7223-48CE-AF39-E05AFEDD8ACA}.Release|x86.Build.0 = Release|Win32
		{19F698F4-39D6-4E25-B655-83CC5871EEC6}.Debug|x64.ActiveCfg = Debug|x64
		{19F698F4-39D6-4E25-B655-83CC5871EEC6}.Debug|x64.Build.0 = Debug|x64
		{19F698F4-39D6-4E25-B655-83CC5871EEC6}.Debug|x86.ActiveCfg = Debug|Win32
		{19F698F4-39D6-4E25-B655-83CC5871EEC6}.Debug|x86.Build.0 = Debug|Win32
		{19F698F4-39D6-4E25-B655-83CC5871EEC6}.OptomizedDebug|x64.ActiveCfg = Debug|x64
		{19F698F4-39D6-4E25-B655-83CC5871EEC6}.OptomizedDebug|x64.Build.0 = Debug|x64
		{19F698F4-39D6-4E25-B655-83CC5871EEC6}.OptomizedDebug|x86.ActiveCfg = Debug|Win32
		{19F698F4-39D6-4E25-B655-83CC5871EEC6}.OptomizedDebug|x86.Build.0 = Debug|Win32
		{19F698F4-39D6-4E25-B655-83CC5871EEC6}.Release|x64.ActiveCfg = Release|x64
		{19F698F4-39D6-4E25-B655-83CC5871EEC6}.Release|x64.Build.0 = Release|x64
		{19F698F4-39D6-4E25-B655-83CC5871EEC6}.Release|x86.ActiveCfg = Release|Win32
		{19F698F4-39D6-4E25-B655-83CC5871EEC6}.Release|x86.Build.0 = Release|Win32
	EndGlobalSection
	GlobalSection(SolutionProperties) = preSolution
		HideSolutionNode = FALSE
	EndGlobalSection
	GlobalSection(ExtensibilityGlobals) = postSolution
		SolutionGuid = {888B2F2C-5F7A-4786-B8D2-64E7A70FF8AB}
	EndGlobalSection
	GlobalSection(Performance) = preSolution
		HasPerformanceSessions = true
	EndGlobalSection
	GlobalSection(Performance) = preSolution
		HasPerformanceSessions = true
	EndGlobalSection
	GlobalSection(Performance) = preSolution
		HasPerformanceSessions = true
	EndGlobalSection
	GlobalSection(Performance) = preSolution
		HasPerformanceSessions = true
	EndGlobalSection
	GlobalSection(Performance) = preSolution
		HasPerformanceSessions = true
	EndGlobalSection
	GlobalSection(Performance) = preSolution
		HasPerformanceSessions = true
	EndGlobalSection
EndGlobal
